// !$*UTF8*$!
{
	archiveVersion = 1;
	classes = {
	};
	objectVersion = 46;
	objects = {

/* Begin PBXBuildFile section */
		652126801A74282B00A608D6 /* RadonChrome.m in Sources */ = {isa = PBXBuildFile; fileRef = 6521267F1A74282B00A608D6 /* RadonChrome.m */; };
		652126871A74310400A608D6 /* NSWindowController+Fix.m in Sources */ = {isa = PBXBuildFile; fileRef = 652126861A74310400A608D6 /* NSWindowController+Fix.m */; };
		65CE21CC1A7841F90092FA08 /* RONotificationSingleton.m in Sources */ = {isa = PBXBuildFile; fileRef = 65CE21CB1A7841F90092FA08 /* RONotificationSingleton.m */; };
/* End PBXBuildFile section */

/* Begin PBXFileReference section */
		652126741A7426E100A608D6 /* RadonChrome.bundle */ = {isa = PBXFileReference; explicitFileType = wrapper.cfbundle; includeInIndex = 0; path = RadonChrome.bundle; sourceTree = BUILT_PRODUCTS_DIR; };
		652126781A7426E100A608D6 /* Info.plist */ = {isa = PBXFileReference; lastKnownFileType = text.plist.xml; path = Info.plist; sourceTree = "<group>"; };
		6521267E1A74282B00A608D6 /* RadonChrome.h */ = {isa = PBXFileReference; fileEncoding = 4; lastKnownFileType = sourcecode.c.h; path = RadonChrome.h; sourceTree = "<group>"; };
		6521267F1A74282B00A608D6 /* RadonChrome.m */ = {isa = PBXFileReference; fileEncoding = 4; lastKnownFileType = sourcecode.c.objc; path = RadonChrome.m; sourceTree = "<group>"; };
		652126851A74310400A608D6 /* NSWindowController+Fix.h */ = {isa = PBXFileReference; fileEncoding = 4; lastKnownFileType = sourcecode.c.h; path = "NSWindowController+Fix.h"; sourceTree = "<group>"; };
		652126861A74310400A608D6 /* NSWindowController+Fix.m */ = {isa = PBXFileReference; fileEncoding = 4; lastKnownFileType = sourcecode.c.objc; path = "NSWindowController+Fix.m"; sourceTree = "<group>"; };
		65CE21CA1A7841F90092FA08 /* RONotificationSingleton.h */ = {isa = PBXFileReference; fileEncoding = 4; lastKnownFileType = sourcecode.c.h; path = RONotificationSingleton.h; sourceTree = "<group>"; };
		65CE21CB1A7841F90092FA08 /* RONotificationSingleton.m */ = {isa = PBXFileReference; fileEncoding = 4; lastKnownFileType = sourcecode.c.objc; path = RONotificationSingleton.m; sourceTree = "<group>"; };
/* End PBXFileReference section */

/* Begin PBXFrameworksBuildPhase section */
		652126711A7426E100A608D6 /* Frameworks */ = {
			isa = PBXFrameworksBuildPhase;
			buildActionMask = 2147483647;
			files = (
			);
			runOnlyForDeploymentPostprocessing = 0;
		};
/* End PBXFrameworksBuildPhase section */

/* Begin PBXGroup section */
		6521266B1A7426E100A608D6 = {
			isa = PBXGroup;
			children = (
				652126761A7426E100A608D6 /* RadonChrome */,
				652126751A7426E100A608D6 /* Products */,
			);
			sourceTree = "<group>";
		};
		652126751A7426E100A608D6 /* Products */ = {
			isa = PBXGroup;
			children = (
				652126741A7426E100A608D6 /* RadonChrome.bundle */,
			);
			name = Products;
			sourceTree = "<group>";
		};
		652126761A7426E100A608D6 /* RadonChrome */ = {
			isa = PBXGroup;
			children = (
				65CE21CA1A7841F90092FA08 /* RONotificationSingleton.h */,
				65CE21CB1A7841F90092FA08 /* RONotificationSingleton.m */,
				6521267E1A74282B00A608D6 /* RadonChrome.h */,
				6521267F1A74282B00A608D6 /* RadonChrome.m */,
				652126771A7426E100A608D6 /* Supporting Files */,
				652126851A74310400A608D6 /* NSWindowController+Fix.h */,
				652126861A74310400A608D6 /* NSWindowController+Fix.m */,
			);
			path = RadonChrome;
			sourceTree = "<group>";
		};
		652126771A7426E100A608D6 /* Supporting Files */ = {
			isa = PBXGroup;
			children = (
				652126781A7426E100A608D6 /* Info.plist */,
			);
			name = "Supporting Files";
			sourceTree = "<group>";
		};
/* End PBXGroup section */

/* Begin PBXNativeTarget section */
		652126731A7426E100A608D6 /* RadonChrome */ = {
			isa = PBXNativeTarget;
			buildConfigurationList = 6521267B1A7426E100A608D6 /* Build configuration list for PBXNativeTarget "RadonChrome" */;
			buildPhases = (
				652126701A7426E100A608D6 /* Sources */,
				652126711A7426E100A608D6 /* Frameworks */,
				652126721A7426E100A608D6 /* Resources */,
			);
			buildRules = (
			);
			dependencies = (
			);
			name = RadonChrome;
			productName = ChromeNotificationFixer;
			productReference = 652126741A7426E100A608D6 /* RadonChrome.bundle */;
			productType = "com.apple.product-type.bundle";
		};
/* End PBXNativeTarget section */

/* Begin PBXProject section */
		6521266C1A7426E100A608D6 /* Project object */ = {
			isa = PBXProject;
			attributes = {
				LastUpgradeCheck = 0610;
				ORGANIZATIONNAME = "Preston Mueller";
				TargetAttributes = {
					652126731A7426E100A608D6 = {
						CreatedOnToolsVersion = 6.1;
					};
				};
			};
			buildConfigurationList = 6521266F1A7426E100A608D6 /* Build configuration list for PBXProject "RadonChrome" */;
			compatibilityVersion = "Xcode 3.2";
			developmentRegion = English;
			hasScannedForEncodings = 0;
			knownRegions = (
				en,
			);
			mainGroup = 6521266B1A7426E100A608D6;
			productRefGroup = 652126751A7426E100A608D6 /* Products */;
			projectDirPath = "";
			projectRoot = "";
			targets = (
				652126731A7426E100A608D6 /* RadonChrome */,
			);
		};
/* End PBXProject section */

/* Begin PBXResourcesBuildPhase section */
		652126721A7426E100A608D6 /* Resources */ = {
			isa = PBXResourcesBuildPhase;
			buildActionMask = 2147483647;
			files = (
			);
			runOnlyForDeploymentPostprocessing = 0;
		};
/* End PBXResourcesBuildPhase section */

/* Begin PBXSourcesBuildPhase section */
		652126701A7426E100A608D6 /* Sources */ = {
			isa = PBXSourcesBuildPhase;
			buildActionMask = 2147483647;
			files = (
				652126871A74310400A608D6 /* NSWindowController+Fix.m in Sources */,
				652126801A74282B00A608D6 /* RadonChrome.m in Sources */,
				65CE21CC1A7841F90092FA08 /* RONotificationSingleton.m in Sources */,
			);
			runOnlyForDeploymentPostprocessing = 0;
		};
/* End PBXSourcesBuildPhase section */

/* Begin XCBuildConfiguration section */
		652126791A7426E100A608D6 /* Debug */ = {
			isa = XCBuildConfiguration;
			buildSettings = {
				ALWAYS_SEARCH_USER_PATHS = NO;
				CLANG_CXX_LANGUAGE_STANDARD = "gnu++0x";
				CLANG_CXX_LIBRARY = "libc++";
				CLANG_ENABLE_MODULES = YES;
				CLANG_ENABLE_OBJC_ARC = YES;
				CLANG_WARN_BOOL_CONVERSION = YES;
				CLANG_WARN_CONSTANT_CONVERSION = YES;
				CLANG_WARN_DIRECT_OBJC_ISA_USAGE = YES_ERROR;
				CLANG_WARN_EMPTY_BODY = YES;
				CLANG_WARN_ENUM_CONVERSION = YES;
				CLANG_WARN_INT_CONVERSION = YES;
				CLANG_WARN_OBJC_ROOT_CLASS = YES_ERROR;
				CLANG_WARN_UNREACHABLE_CODE = YES;
				CLANG_WARN__DUPLICATE_METHOD_MATCH = YES;
				COPY_PHASE_STRIP = NO;
				ENABLE_STRICT_OBJC_MSGSEND = YES;
				GCC_C_LANGUAGE_STANDARD = gnu99;
				GCC_DYNAMIC_NO_PIC = NO;
				GCC_OPTIMIZATION_LEVEL = 0;
				GCC_PREPROCESSOR_DEFINITIONS = (
					"DEBUG=1",
					"$(inherited)",
				);
				GCC_SYMBOLS_PRIVATE_EXTERN = NO;
				GCC_WARN_64_TO_32_BIT_CONVERSION = YES;
				GCC_WARN_ABOUT_RETURN_TYPE = YES_ERROR;
				GCC_WARN_UNDECLARED_SELECTOR = YES;
				GCC_WARN_UNINITIALIZED_AUTOS = YES_AGGRESSIVE;
				GCC_WARN_UNUSED_FUNCTION = YES;
				GCC_WARN_UNUSED_VARIABLE = YES;
				MACOSX_DEPLOYMENT_TARGET = 10.10;
				MTL_ENABLE_DEBUG_INFO = YES;
				ONLY_ACTIVE_ARCH = YES;
				SDKROOT = macosx;
			};
			name = Debug;
		};
		6521267A1A7426E100A608D6 /* Release */ = {
			isa = XCBuildConfiguration;
			buildSettings = {
				ALWAYS_SEARCH_USER_PATHS = NO;
				CLANG_CXX_LANGUAGE_STANDARD = "gnu++0x";
				CLANG_CXX_LIBRARY = "libc++";
				CLANG_ENABLE_MODULES = YES;
				CLANG_ENABLE_OBJC_ARC = YES;
				CLANG_WARN_BOOL_CONVERSION = YES;
				CLANG_WARN_CONSTANT_CONVERSION = YES;
				CLANG_WARN_DIRECT_OBJC_ISA_USAGE = YES_ERROR;
				CLANG_WARN_EMPTY_BODY = YES;
				CLANG_WARN_ENUM_CONVERSION = YES;
				CLANG_WARN_INT_CONVERSION = YES;
				CLANG_WARN_OBJC_ROOT_CLASS = YES_ERROR;
				CLANG_WARN_UNREACHABLE_CODE = YES;
				CLANG_WARN__DUPLICATE_METHOD_MATCH = YES;
				COPY_PHASE_STRIP = YES;
				DEBUG_INFORMATION_FORMAT = "dwarf-with-dsym";
				ENABLE_NS_ASSERTIONS = NO;
				ENABLE_STRICT_OBJC_MSGSEND = YES;
				GCC_C_LANGUAGE_STANDARD = gnu99;
				GCC_WARN_64_TO_32_BIT_CONVERSION = YES;
				GCC_WARN_ABOUT_RETURN_TYPE = YES_ERROR;
				GCC_WARN_UNDECLARED_SELECTOR = YES;
				GCC_WARN_UNINITIALIZED_AUTOS = YES_AGGRESSIVE;
				GCC_WARN_UNUSED_FUNCTION = YES;
				GCC_WARN_UNUSED_VARIABLE = YES;
				MACOSX_DEPLOYMENT_TARGET = 10.10;
				MTL_ENABLE_DEBUG_INFO = NO;
				SDKROOT = macosx;
			};
			name = Release;
		};
		6521267C1A7426E100A608D6 /* Debug */ = {
			isa = XCBuildConfiguration;
			buildSettings = {
				COMBINE_HIDPI_IMAGES = YES;
				INFOPLIST_FILE = RadonChrome/Info.plist;
				INSTALL_PATH = "$(LOCAL_LIBRARY_DIR)/Bundles";
				PRODUCT_NAME = RadonChrome;
				SKIP_INSTALL = YES;
				WRAPPER_EXTENSION = bundle;
			};
			name = Debug;
		};
		6521267D1A7426E100A608D6 /* Release */ = {
			isa = XCBuildConfiguration;
			buildSettings = {
				COMBINE_HIDPI_IMAGES = YES;
				INFOPLIST_FILE = RadonChrome/Info.plist;
				INSTALL_PATH = "$(LOCAL_LIBRARY_DIR)/Bundles";
				PRODUCT_NAME = RadonChrome;
				SKIP_INSTALL = YES;
				WRAPPER_EXTENSION = bundle;
			};
			name = Release;
		};
/* End XCBuildConfiguration section */

/* Begin XCConfigurationList section */
		6521266F1A7426E100A608D6 /* Build configuration list for PBXProject "RadonChrome" */ = {
			isa = XCConfigurationList;
			buildConfigurations = (
				652126791A7426E100A608D6 /* Debug */,
				6521267A1A7426E100A608D6 /* Release */,
			);
			defaultConfigurationIsVisible = 0;
			defaultConfigurationName = Release;
		};
		6521267B1A7426E100A608D6 /* Build configuration list for PBXNativeTarget "RadonChrome" */ = {
			isa = XCConfigurationList;
			buildConfigurations = (
				6521267C1A7426E100A608D6 /* Debug */,
				6521267D1A7426E100A608D6 /* Release */,
			);
			defaultConfigurationIsVisible = 0;
			defaultConfigurationName = Release;
		};
/* End XCConfigurationList section */
	};
	rootObject = 6521266C1A7426E100A608D6 /* Project object */;
}
