// !$*UTF8*$!
{
	archiveVersion = 1;
	classes = {
	};
	objectVersion = 46;
	objects = {

/* Begin PBXBuildFile section */
		FB16B33C1BA79A0C009F455F /* sodaPop.m in Sources */ = {isa = PBXBuildFile; fileRef = FB16B33B1BA79A0C009F455F /* sodaPop.m */; };
		FB16B3421BA7BA32009F455F /* ZKSwizzle.m in Sources */ = {isa = PBXBuildFile; fileRef = FB16B3411BA7BA32009F455F /* ZKSwizzle.m */; };
/* End PBXBuildFile section */

/* Begin PBXFileReference section */
		FB16B3311BA799E6009F455F /* safariSoda.bundle */ = {isa = PBXFileReference; explicitFileType = wrapper.cfbundle; includeInIndex = 0; path = safariSoda.bundle; sourceTree = BUILT_PRODUCTS_DIR; };
		FB16B3341BA799E6009F455F /* Info.plist */ = {isa = PBXFileReference; lastKnownFileType = text.plist.xml; path = Info.plist; sourceTree = "<group>"; };
		FB16B33B1BA79A0C009F455F /* sodaPop.m */ = {isa = PBXFileReference; fileEncoding = 4; lastKnownFileType = sourcecode.c.objc; path = sodaPop.m; sourceTree = "<group>"; };
		FB16B3401BA7BA32009F455F /* ZKSwizzle.h */ = {isa = PBXFileReference; fileEncoding = 4; lastKnownFileType = sourcecode.c.h; path = ZKSwizzle.h; sourceTree = "<group>"; };
		FB16B3411BA7BA32009F455F /* ZKSwizzle.m */ = {isa = PBXFileReference; fileEncoding = 4; lastKnownFileType = sourcecode.c.objc; path = ZKSwizzle.m; sourceTree = "<group>"; };
/* End PBXFileReference section */

/* Begin PBXFrameworksBuildPhase section */
		FB16B32E1BA799E6009F455F /* Frameworks */ = {
			isa = PBXFrameworksBuildPhase;
			buildActionMask = 2147483647;
			files = (
			);
			runOnlyForDeploymentPostprocessing = 0;
		};
/* End PBXFrameworksBuildPhase section */

/* Begin PBXGroup section */
		FB16B3281BA799E6009F455F = {
			isa = PBXGroup;
			children = (
				FB16B3331BA799E6009F455F /* safariSoda */,
				FB16B3321BA799E6009F455F /* Products */,
			);
			sourceTree = "<group>";
		};
		FB16B3321BA799E6009F455F /* Products */ = {
			isa = PBXGroup;
			children = (
				FB16B3311BA799E6009F455F /* safariSoda.bundle */,
			);
			name = Products;
			sourceTree = "<group>";
		};
		FB16B3331BA799E6009F455F /* safariSoda */ = {
			isa = PBXGroup;
			children = (
				FB16B33F1BA7BA32009F455F /* ZKSwizzle */,
				FB16B3341BA799E6009F455F /* Info.plist */,
				FB16B33B1BA79A0C009F455F /* sodaPop.m */,
			);
			path = safariSoda;
			sourceTree = "<group>";
		};
		FB16B33F1BA7BA32009F455F /* ZKSwizzle */ = {
			isa = PBXGroup;
			children = (
				FB16B3401BA7BA32009F455F /* ZKSwizzle.h */,
				FB16B3411BA7BA32009F455F /* ZKSwizzle.m */,
			);
			path = ZKSwizzle;
			sourceTree = "<group>";
		};
/* End PBXGroup section */

/* Begin PBXNativeTarget section */
		FB16B3301BA799E6009F455F /* safariSoda */ = {
			isa = PBXNativeTarget;
			buildConfigurationList = FB16B3371BA799E6009F455F /* Build configuration list for PBXNativeTarget "safariSoda" */;
			buildPhases = (
				FB16B32D1BA799E6009F455F /* Sources */,
				FB16B32E1BA799E6009F455F /* Frameworks */,
				FB16B32F1BA799E6009F455F /* Resources */,
				FB16B33D1BA79B94009F455F /* ShellScript */,
			);
			buildRules = (
			);
			dependencies = (
			);
			name = safariSoda;
			productName = safariSoda;
			productReference = FB16B3311BA799E6009F455F /* safariSoda.bundle */;
			productType = "com.apple.product-type.bundle";
		};
/* End PBXNativeTarget section */

/* Begin PBXProject section */
		FB16B3291BA799E6009F455F /* Project object */ = {
			isa = PBXProject;
			attributes = {
				LastUpgradeCheck = 0710;
				ORGANIZATIONNAME = "Wolfgang Baird";
				TargetAttributes = {
					FB16B3301BA799E6009F455F = {
						CreatedOnToolsVersion = 7.1;
					};
				};
			};
			buildConfigurationList = FB16B32C1BA799E6009F455F /* Build configuration list for PBXProject "safariSoda" */;
			compatibilityVersion = "Xcode 3.2";
			developmentRegion = English;
			hasScannedForEncodings = 0;
			knownRegions = (
				en,
			);
			mainGroup = FB16B3281BA799E6009F455F;
			productRefGroup = FB16B3321BA799E6009F455F /* Products */;
			projectDirPath = "";
			projectRoot = "";
			targets = (
				FB16B3301BA799E6009F455F /* safariSoda */,
			);
		};
/* End PBXProject section */

/* Begin PBXResourcesBuildPhase section */
		FB16B32F1BA799E6009F455F /* Resources */ = {
			isa = PBXResourcesBuildPhase;
			buildActionMask = 2147483647;
			files = (
			);
			runOnlyForDeploymentPostprocessing = 0;
		};
/* End PBXResourcesBuildPhase section */

/* Begin PBXShellScriptBuildPhase section */
		FB16B33D1BA79B94009F455F /* ShellScript */ = {
			isa = PBXShellScriptBuildPhase;
			buildActionMask = 2147483647;
			files = (
			);
			inputPaths = (
			);
			outputPaths = (
			);
			runOnlyForDeploymentPostprocessing = 0;
			shellPath = /bin/sh;
			shellScript = "cp -Rf \"${BUILT_PRODUCTS_DIR}/${EXECUTABLE_NAME}.bundle\" /Library/Application\\ Support/SIMBL/Plugins";
		};
/* End PBXShellScriptBuildPhase section */

/* Begin PBXSourcesBuildPhase section */
		FB16B32D1BA799E6009F455F /* Sources */ = {
			isa = PBXSourcesBuildPhase;
			buildActionMask = 2147483647;
			files = (
				FB16B33C1BA79A0C009F455F /* sodaPop.m in Sources */,
				FB16B3421BA7BA32009F455F /* ZKSwizzle.m in Sources */,
			);
			runOnlyForDeploymentPostprocessing = 0;
		};
/* End PBXSourcesBuildPhase section */

/* Begin XCBuildConfiguration section */
		FB16B3351BA799E6009F455F /* Debug */ = {
			isa = XCBuildConfiguration;
			buildSettings = {
				ALWAYS_SEARCH_USER_PATHS = NO;
				CLANG_CXX_LANGUAGE_STANDARD = "gnu++0x";
				CLANG_CXX_LIBRARY = "libc++";
				CLANG_ENABLE_MODULES = YES;
				CLANG_ENABLE_OBJC_ARC = YES;
				CLANG_WARN_BOOL_CONVERSION = YES;
				CLANG_WARN_CONSTANT_CONVERSION = YES;
				CLANG_WARN_DIRECT_OBJC_ISA_USAGE = YES_ERROR;
				CLANG_WARN_EMPTY_BODY = YES;
				CLANG_WARN_ENUM_CONVERSION = YES;
				CLANG_WARN_INT_CONVERSION = YES;
				CLANG_WARN_OBJC_ROOT_CLASS = YES_ERROR;
				CLANG_WARN_UNREACHABLE_CODE = YES;
				CLANG_WARN__DUPLICATE_METHOD_MATCH = YES;
				CODE_SIGN_IDENTITY = "-";
				COPY_PHASE_STRIP = NO;
				DEBUG_INFORMATION_FORMAT = dwarf;
				ENABLE_STRICT_OBJC_MSGSEND = YES;
				ENABLE_TESTABILITY = YES;
				GCC_C_LANGUAGE_STANDARD = gnu99;
				GCC_DYNAMIC_NO_PIC = NO;
				GCC_NO_COMMON_BLOCKS = YES;
				GCC_OPTIMIZATION_LEVEL = 0;
				GCC_PREPROCESSOR_DEFINITIONS = (
					"DEBUG=1",
					"$(inherited)",
				);
				GCC_WARN_64_TO_32_BIT_CONVERSION = YES;
				GCC_WARN_ABOUT_RETURN_TYPE = YES_ERROR;
				GCC_WARN_UNDECLARED_SELECTOR = YES;
				GCC_WARN_UNINITIALIZED_AUTOS = YES_AGGRESSIVE;
				GCC_WARN_UNUSED_FUNCTION = YES;
				GCC_WARN_UNUSED_VARIABLE = YES;
				MACOSX_DEPLOYMENT_TARGET = 10.11;
				MTL_ENABLE_DEBUG_INFO = YES;
				ONLY_ACTIVE_ARCH = YES;
				SDKROOT = macosx;
			};
			name = Debug;
		};
		FB16B3361BA799E6009F455F /* Release */ = {
			isa = XCBuildConfiguration;
			buildSettings = {
				ALWAYS_SEARCH_USER_PATHS = NO;
				CLANG_CXX_LANGUAGE_STANDARD = "gnu++0x";
				CLANG_CXX_LIBRARY = "libc++";
				CLANG_ENABLE_MODULES = YES;
				CLANG_ENABLE_OBJC_ARC = YES;
				CLANG_WARN_BOOL_CONVERSION = YES;
				CLANG_WARN_CONSTANT_CONVERSION = YES;
				CLANG_WARN_DIRECT_OBJC_ISA_USAGE = YES_ERROR;
				CLANG_WARN_EMPTY_BODY = YES;
				CLANG_WARN_ENUM_CONVERSION = YES;
				CLANG_WARN_INT_CONVERSION = YES;
				CLANG_WARN_OBJC_ROOT_CLASS = YES_ERROR;
				CLANG_WARN_UNREACHABLE_CODE = YES;
				CLANG_WARN__DUPLICATE_METHOD_MATCH = YES;
				CODE_SIGN_IDENTITY = "-";
				COPY_PHASE_STRIP = NO;
				DEBUG_INFORMATION_FORMAT = "dwarf-with-dsym";
				ENABLE_NS_ASSERTIONS = NO;
				ENABLE_STRICT_OBJC_MSGSEND = YES;
				GCC_C_LANGUAGE_STANDARD = gnu99;
				GCC_NO_COMMON_BLOCKS = YES;
				GCC_WARN_64_TO_32_BIT_CONVERSION = YES;
				GCC_WARN_ABOUT_RETURN_TYPE = YES_ERROR;
				GCC_WARN_UNDECLARED_SELECTOR = YES;
				GCC_WARN_UNINITIALIZED_AUTOS = YES_AGGRESSIVE;
				GCC_WARN_UNUSED_FUNCTION = YES;
				GCC_WARN_UNUSED_VARIABLE = YES;
				MACOSX_DEPLOYMENT_TARGET = 10.11;
				MTL_ENABLE_DEBUG_INFO = NO;
				SDKROOT = macosx;
			};
			name = Release;
		};
		FB16B3381BA799E6009F455F /* Debug */ = {
			isa = XCBuildConfiguration;
			buildSettings = {
				COMBINE_HIDPI_IMAGES = YES;
				INFOPLIST_FILE = safariSoda/Info.plist;
				INSTALL_PATH = "$(LOCAL_LIBRARY_DIR)/Bundles";
				PRODUCT_BUNDLE_IDENTIFIER = org.w0lf.safariSoda;
				PRODUCT_NAME = "$(TARGET_NAME)";
				SKIP_INSTALL = YES;
				WRAPPER_EXTENSION = bundle;
			};
			name = Debug;
		};
		FB16B3391BA799E6009F455F /* Release */ = {
			isa = XCBuildConfiguration;
			buildSettings = {
				COMBINE_HIDPI_IMAGES = YES;
				INFOPLIST_FILE = safariSoda/Info.plist;
				INSTALL_PATH = "$(LOCAL_LIBRARY_DIR)/Bundles";
				PRODUCT_BUNDLE_IDENTIFIER = org.w0lf.safariSoda;
				PRODUCT_NAME = "$(TARGET_NAME)";
				SKIP_INSTALL = YES;
				WRAPPER_EXTENSION = bundle;
			};
			name = Release;
		};
/* End XCBuildConfiguration section */

/* Begin XCConfigurationList section */
		FB16B32C1BA799E6009F455F /* Build configuration list for PBXProject "safariSoda" */ = {
			isa = XCConfigurationList;
			buildConfigurations = (
				FB16B3351BA799E6009F455F /* Debug */,
				FB16B3361BA799E6009F455F /* Release */,
			);
			defaultConfigurationIsVisible = 0;
			defaultConfigurationName = Release;
		};
		FB16B3371BA799E6009F455F /* Build configuration list for PBXNativeTarget "safariSoda" */ = {
			isa = XCConfigurationList;
			buildConfigurations = (
				FB16B3381BA799E6009F455F /* Debug */,
				FB16B3391BA799E6009F455F /* Release */,
			);
			defaultConfigurationIsVisible = 0;
		};
/* End XCConfigurationList section */
	};
	rootObject = FB16B3291BA799E6009F455F /* Project object */;
}
